
Microsoft Visual Studio Solution File, Format Version 12.00
# Visual Studio Version 17
VisualStudioVersion = 17.14.36414.22
MinimumVisualStudioVersion = 10.0.40219.1
Project("{2150E333-8FDC-42A3-9474-1A3956D46DE8}") = "Task0", "Task0", "{02EA681E-C7D8-13C7-8484-4AC65E1B71E8}"
EndProject
Project("{FAE04EC0-301F-11D3-BF4B-00C04F79EFBC}") = "Tyuiu.RagozinaAD.Sprint2.Task0.V17", "Tyuiu.RagozinaAD.Sprint2.Task0.V17\Tyuiu.RagozinaAD.Sprint2.Task0.V17.csproj", "{D0A6055B-886E-4F57-BA78-B0C3FBC5AE43}"
EndProject
Project("{FAE04EC0-301F-11D3-BF4B-00C04F79EFBC}") = "Tyuiu.RagozinaAD.Sprint2.Task0.V17.Lib", "Tyuiu.RagozinaAD.Sprint2.Task0.V17.Lib\Tyuiu.RagozinaAD.Sprint2.Task0.V17.Lib.csproj", "{8B11A09F-D73B-41AC-A0FB-956D30EE16F7}"
EndProject
Project("{FAE04EC0-301F-11D3-BF4B-00C04F79EFBC}") = "Tyuiu.RagozinaAD.Sprint2.Task0.V17.Test", "Tyuiu.RagozinaAD.Sprint2.Task0.V17.Test\Tyuiu.RagozinaAD.Sprint2.Task0.V17.Test.csproj", "{0BFA5D23-010D-4829-B23A-962BDB41C694}"
EndProject
Project("{2150E333-8FDC-42A3-9474-1A3956D46DE8}") = "Task1", "Task1", "{78A09DEC-B867-4B1B-B2C6-77277EFAFF5E}"
EndProject
Project("{FAE04EC0-301F-11D3-BF4B-00C04F79EFBC}") = "Tyuiu.RagozinaAD.Sprint2.Task1.V19", "Tyuiu.RagozinaAD.Sprint2.Task1.V19\Tyuiu.RagozinaAD.Sprint2.Task1.V19.csproj", "{144ABABD-7E75-400B-A70D-94816D484E0C}"
EndProject
Project("{FAE04EC0-301F-11D3-BF4B-00C04F79EFBC}") = "Tyuiu.RagozinaAD.Sprint2.Task1.V19.Lib", "Tyuiu.RagozinaAD.Sprint2.Task1.V19.Lib\Tyuiu.RagozinaAD.Sprint2.Task1.V19.Lib.csproj", "{2989AFA6-4CC4-4776-9D35-DC01A35DAEB6}"
EndProject
Project("{FAE04EC0-301F-11D3-BF4B-00C04F79EFBC}") = "Tyuiu.RagozinaAD.Sprint2.Task1.V19.Test", "Tyuiu.RagozinaAD.Sprint2.Task1.V19.Test\Tyuiu.RagozinaAD.Sprint2.Task1.V19.Test.csproj", "{D1727A21-8D44-4C0E-A4C6-ABA310662F10}"
EndProject
Project("{2150E333-8FDC-42A3-9474-1A3956D46DE8}") = "Task2", "Task2", "{879BA8A9-8D84-4207-859A-6024F76424A0}"
EndProject
Project("{FAE04EC0-301F-11D3-BF4B-00C04F79EFBC}") = "Tyuiu.RagozinaAD.Sprint2.Task2.V1", "Tyuiu.RagozinaAD.Sprint2.Task2.V1\Tyuiu.RagozinaAD.Sprint2.Task2.V1.csproj", "{8BDD9B50-69F7-4242-9B5E-4AA6D464EEAD}"
EndProject
Project("{FAE04EC0-301F-11D3-BF4B-00C04F79EFBC}") = "Tyuiu.RagozinaAD.Sprint2.Task2.V1.Lib", "Tyuiu.RagozinaAD.Sprint2.Task2.V1.Lib\Tyuiu.RagozinaAD.Sprint2.Task2.V1.Lib.csproj", "{95ADAA93-6F14-49E4-B542-AED54CDC2DD2}"
EndProject
Project("{FAE04EC0-301F-11D3-BF4B-00C04F79EFBC}") = "Tyuiu.RagozinaAD.Sprint2.Task2.V1.Test", "Tyuiu.RagozinaAD.Sprint2.Task2.V1.Test\Tyuiu.RagozinaAD.Sprint2.Task2.V1.Test.csproj", "{99B6B248-EA99-48C6-A8AD-2C47D1B50981}"
EndProject
Project("{2150E333-8FDC-42A3-9474-1A3956D46DE8}") = "Task3", "Task3", "{DB55E121-1B36-48CB-8F64-BEFF6D779F13}"
EndProject
Project("{FAE04EC0-301F-11D3-BF4B-00C04F79EFBC}") = "Tyuiu.RagozinaAD.Sprint2.Task3.V9", "Tyuiu.RagozinaAD.Sprint2.Task3.V9\Tyuiu.RagozinaAD.Sprint2.Task3.V9.csproj", "{ABC1FCBF-E2F3-49EE-8E9E-8E7D6A145D00}"
EndProject
Project("{FAE04EC0-301F-11D3-BF4B-00C04F79EFBC}") = "Tyuiu.RagozinaAD.Sprint2.Task3.V9.Lib", "Tyuiu.RagozinaAD.Sprint2.Task3.V9.Lib\Tyuiu.RagozinaAD.Sprint2.Task3.V9.Lib.csproj", "{1A8B1A0A-B0D8-4E26-A1D9-C9FDFC96CDB2}"
EndProject
Project("{FAE04EC0-301F-11D3-BF4B-00C04F79EFBC}") = "Tyuiu.RagozinaAD.Sprint2.Task3.V9.Test", "Tyuiu.RagozinaAD.Sprint2.Task3.V9.Test\Tyuiu.RagozinaAD.Sprint2.Task3.V9.Test.csproj", "{0ECA6DB3-CAAA-4180-85C4-113F4B5966E1}"
EndProject
Project("{2150E333-8FDC-42A3-9474-1A3956D46DE8}") = "Task4", "Task4", "{3ADBB924-8939-4E78-83DC-8C24781BEC65}"
EndProject
Project("{FAE04EC0-301F-11D3-BF4B-00C04F79EFBC}") = "Tyuiu.RagozinaAD.Sprint2.Task4.V26", "Tyuiu.RagozinaAD.Sprint2.Task4.V26\Tyuiu.RagozinaAD.Sprint2.Task4.V26.csproj", "{22E0F76F-D155-4327-BE95-2AEDA05BAC6A}"
EndProject
Project("{FAE04EC0-301F-11D3-BF4B-00C04F79EFBC}") = "Tyuiu.RagozinaAD.Sprint2.Task4.V26.Lib", "Tyuiu.RagozinaAD.Sprint2.Task4.V26.Lib\Tyuiu.RagozinaAD.Sprint2.Task4.V26.Lib.csproj", "{A75F89DF-2D52-4621-9E81-0F1B4FF1470C}"
EndProject
Project("{FAE04EC0-301F-11D3-BF4B-00C04F79EFBC}") = "Tyuiu.RagozinaAD.Sprint2.Task4.V26.Test", "TestProject1\Tyuiu.RagozinaAD.Sprint2.Task4.V26.Test.csproj", "{571888E4-F219-4CE5-8BE2-D4BF8D9CCBF9}"
EndProject
Global
	GlobalSection(SolutionConfigurationPlatforms) = preSolution
		Debug|Any CPU = Debug|Any CPU
		Release|Any CPU = Release|Any CPU
	EndGlobalSection
	GlobalSection(ProjectConfigurationPlatforms) = postSolution
		{D0A6055B-886E-4F57-BA78-B0C3FBC5AE43}.Debug|Any CPU.ActiveCfg = Debug|Any CPU
		{D0A6055B-886E-4F57-BA78-B0C3FBC5AE43}.Debug|Any CPU.Build.0 = Debug|Any CPU
		{D0A6055B-886E-4F57-BA78-B0C3FBC5AE43}.Release|Any CPU.ActiveCfg = Release|Any CPU
		{D0A6055B-886E-4F57-BA78-B0C3FBC5AE43}.Release|Any CPU.Build.0 = Release|Any CPU
		{8B11A09F-D73B-41AC-A0FB-956D30EE16F7}.Debug|Any CPU.ActiveCfg = Debug|Any CPU
		{8B11A09F-D73B-41AC-A0FB-956D30EE16F7}.Debug|Any CPU.Build.0 = Debug|Any CPU
		{8B11A09F-D73B-41AC-A0FB-956D30EE16F7}.Release|Any CPU.ActiveCfg = Release|Any CPU
		{8B11A09F-D73B-41AC-A0FB-956D30EE16F7}.Release|Any CPU.Build.0 = Release|Any CPU
		{0BFA5D23-010D-4829-B23A-962BDB41C694}.Debug|Any CPU.ActiveCfg = Debug|Any CPU
		{0BFA5D23-010D-4829-B23A-962BDB41C694}.Debug|Any CPU.Build.0 = Debug|Any CPU
		{0BFA5D23-010D-4829-B23A-962BDB41C694}.Release|Any CPU.ActiveCfg = Release|Any CPU
		{0BFA5D23-010D-4829-B23A-962BDB41C694}.Release|Any CPU.Build.0 = Release|Any CPU
		{144ABABD-7E75-400B-A70D-94816D484E0C}.Debug|Any CPU.ActiveCfg = Debug|Any CPU
		{144ABABD-7E75-400B-A70D-94816D484E0C}.Debug|Any CPU.Build.0 = Debug|Any CPU
		{144ABABD-7E75-400B-A70D-94816D484E0C}.Release|Any CPU.ActiveCfg = Release|Any CPU
		{144ABABD-7E75-400B-A70D-94816D484E0C}.Release|Any CPU.Build.0 = Release|Any CPU
		{2989AFA6-4CC4-4776-9D35-DC01A35DAEB6}.Debug|Any CPU.ActiveCfg = Debug|Any CPU
		{2989AFA6-4CC4-4776-9D35-DC01A35DAEB6}.Debug|Any CPU.Build.0 = Debug|Any CPU
		{2989AFA6-4CC4-4776-9D35-DC01A35DAEB6}.Release|Any CPU.ActiveCfg = Release|Any CPU
		{2989AFA6-4CC4-4776-9D35-DC01A35DAEB6}.Release|Any CPU.Build.0 = Release|Any CPU
		{D1727A21-8D44-4C0E-A4C6-ABA310662F10}.Debug|Any CPU.ActiveCfg = Debug|Any CPU
		{D1727A21-8D44-4C0E-A4C6-ABA310662F10}.Debug|Any CPU.Build.0 = Debug|Any CPU
		{D1727A21-8D44-4C0E-A4C6-ABA310662F10}.Release|Any CPU.ActiveCfg = Release|Any CPU
		{D1727A21-8D44-4C0E-A4C6-ABA310662F10}.Release|Any CPU.Build.0 = Release|Any CPU
		{8BDD9B50-69F7-4242-9B5E-4AA6D464EEAD}.Debug|Any CPU.ActiveCfg = Debug|Any CPU
		{8BDD9B50-69F7-4242-9B5E-4AA6D464EEAD}.Debug|Any CPU.Build.0 = Debug|Any CPU
		{8BDD9B50-69F7-4242-9B5E-4AA6D464EEAD}.Release|Any CPU.ActiveCfg = Release|Any CPU
		{8BDD9B50-69F7-4242-9B5E-4AA6D464EEAD}.Release|Any CPU.Build.0 = Release|Any CPU
		{95ADAA93-6F14-49E4-B542-AED54CDC2DD2}.Debug|Any CPU.ActiveCfg = Debug|Any CPU
		{95ADAA93-6F14-49E4-B542-AED54CDC2DD2}.Debug|Any CPU.Build.0 = Debug|Any CPU
		{95ADAA93-6F14-49E4-B542-AED54CDC2DD2}.Release|Any CPU.ActiveCfg = Release|Any CPU
		{95ADAA93-6F14-49E4-B542-AED54CDC2DD2}.Release|Any CPU.Build.0 = Release|Any CPU
		{99B6B248-EA99-48C6-A8AD-2C47D1B50981}.Debug|Any CPU.ActiveCfg = Debug|Any CPU
		{99B6B248-EA99-48C6-A8AD-2C47D1B50981}.Debug|Any CPU.Build.0 = Debug|Any CPU
		{99B6B248-EA99-48C6-A8AD-2C47D1B50981}.Release|Any CPU.ActiveCfg = Release|Any CPU
		{99B6B248-EA99-48C6-A8AD-2C47D1B50981}.Release|Any CPU.Build.0 = Release|Any CPU
		{ABC1FCBF-E2F3-49EE-8E9E-8E7D6A145D00}.Debug|Any CPU.ActiveCfg = Debug|Any CPU
		{ABC1FCBF-E2F3-49EE-8E9E-8E7D6A145D00}.Debug|Any CPU.Build.0 = Debug|Any CPU
		{ABC1FCBF-E2F3-49EE-8E9E-8E7D6A145D00}.Release|Any CPU.ActiveCfg = Release|Any CPU
		{ABC1FCBF-E2F3-49EE-8E9E-8E7D6A145D00}.Release|Any CPU.Build.0 = Release|Any CPU
		{1A8B1A0A-B0D8-4E26-A1D9-C9FDFC96CDB2}.Debug|Any CPU.ActiveCfg = Debug|Any CPU
		{1A8B1A0A-B0D8-4E26-A1D9-C9FDFC96CDB2}.Debug|Any CPU.Build.0 = Debug|Any CPU
		{1A8B1A0A-B0D8-4E26-A1D9-C9FDFC96CDB2}.Release|Any CPU.ActiveCfg = Release|Any CPU
		{1A8B1A0A-B0D8-4E26-A1D9-C9FDFC96CDB2}.Release|Any CPU.Build.0 = Release|Any CPU
		{0ECA6DB3-CAAA-4180-85C4-113F4B5966E1}.Debug|Any CPU.ActiveCfg = Debug|Any CPU
		{0ECA6DB3-CAAA-4180-85C4-113F4B5966E1}.Debug|Any CPU.Build.0 = Debug|Any CPU
		{0ECA6DB3-CAAA-4180-85C4-113F4B5966E1}.Release|Any CPU.ActiveCfg = Release|Any CPU
		{0ECA6DB3-CAAA-4180-85C4-113F4B5966E1}.Release|Any CPU.Build.0 = Release|Any CPU
		{22E0F76F-D155-4327-BE95-2AEDA05BAC6A}.Debug|Any CPU.ActiveCfg = Debug|Any CPU
		{22E0F76F-D155-4327-BE95-2AEDA05BAC6A}.Debug|Any CPU.Build.0 = Debug|Any CPU
		{22E0F76F-D155-4327-BE95-2AEDA05BAC6A}.Release|Any CPU.ActiveCfg = Release|Any CPU
		{22E0F76F-D155-4327-BE95-2AEDA05BAC6A}.Release|Any CPU.Build.0 = Release|Any CPU
		{A75F89DF-2D52-4621-9E81-0F1B4FF1470C}.Debug|Any CPU.ActiveCfg = Debug|Any CPU
		{A75F89DF-2D52-4621-9E81-0F1B4FF1470C}.Debug|Any CPU.Build.0 = Debug|Any CPU
		{A75F89DF-2D52-4621-9E81-0F1B4FF1470C}.Release|Any CPU.ActiveCfg = Release|Any CPU
		{A75F89DF-2D52-4621-9E81-0F1B4FF1470C}.Release|Any CPU.Build.0 = Release|Any CPU
		{571888E4-F219-4CE5-8BE2-D4BF8D9CCBF9}.Debug|Any CPU.ActiveCfg = Debug|Any CPU
		{571888E4-F219-4CE5-8BE2-D4BF8D9CCBF9}.Debug|Any CPU.Build.0 = Debug|Any CPU
		{571888E4-F219-4CE5-8BE2-D4BF8D9CCBF9}.Release|Any CPU.ActiveCfg = Release|Any CPU
		{571888E4-F219-4CE5-8BE2-D4BF8D9CCBF9}.Release|Any CPU.Build.0 = Release|Any CPU
	EndGlobalSection
	GlobalSection(SolutionProperties) = preSolution
		HideSolutionNode = FALSE
	EndGlobalSection
	GlobalSection(NestedProjects) = preSolution
		{D0A6055B-886E-4F57-BA78-B0C3FBC5AE43} = {02EA681E-C7D8-13C7-8484-4AC65E1B71E8}
		{8B11A09F-D73B-41AC-A0FB-956D30EE16F7} = {02EA681E-C7D8-13C7-8484-4AC65E1B71E8}
		{0BFA5D23-010D-4829-B23A-962BDB41C694} = {02EA681E-C7D8-13C7-8484-4AC65E1B71E8}
		{144ABABD-7E75-400B-A70D-94816D484E0C} = {78A09DEC-B867-4B1B-B2C6-77277EFAFF5E}
		{2989AFA6-4CC4-4776-9D35-DC01A35DAEB6} = {78A09DEC-B867-4B1B-B2C6-77277EFAFF5E}
		{D1727A21-8D44-4C0E-A4C6-ABA310662F10} = {78A09DEC-B867-4B1B-B2C6-77277EFAFF5E}
		{8BDD9B50-69F7-4242-9B5E-4AA6D464EEAD} = {879BA8A9-8D84-4207-859A-6024F76424A0}
		{95ADAA93-6F14-49E4-B542-AED54CDC2DD2} = {879BA8A9-8D84-4207-859A-6024F76424A0}
		{99B6B248-EA99-48C6-A8AD-2C47D1B50981} = {879BA8A9-8D84-4207-859A-6024F76424A0}
		{ABC1FCBF-E2F3-49EE-8E9E-8E7D6A145D00} = {DB55E121-1B36-48CB-8F64-BEFF6D779F13}
		{1A8B1A0A-B0D8-4E26-A1D9-C9FDFC96CDB2} = {DB55E121-1B36-48CB-8F64-BEFF6D779F13}
		{0ECA6DB3-CAAA-4180-85C4-113F4B5966E1} = {DB55E121-1B36-48CB-8F64-BEFF6D779F13}
		{22E0F76F-D155-4327-BE95-2AEDA05BAC6A} = {3ADBB924-8939-4E78-83DC-8C24781BEC65}
		{A75F89DF-2D52-4621-9E81-0F1B4FF1470C} = {3ADBB924-8939-4E78-83DC-8C24781BEC65}
		{571888E4-F219-4CE5-8BE2-D4BF8D9CCBF9} = {3ADBB924-8939-4E78-83DC-8C24781BEC65}
	EndGlobalSection
	GlobalSection(ExtensibilityGlobals) = postSolution
		SolutionGuid = {3330EB3A-A7E5-4267-A0E9-B1C401E7ACA4}
	EndGlobalSection
EndGlobal
